
Microsoft Visual Studio Solution File, Format Version 12.00
# Visual Studio Version 16
VisualStudioVersion = 16.0.30907.101
MinimumVisualStudioVersion = 10.0.40219.1
Project("{FAE04EC0-301F-11D3-BF4B-00C04F79EFBC}") = "Web2Project-API", "Web2Project-API\Web2Project-API.csproj", "{87B85D4E-488B-4F8E-89D0-B706E027C01E}"
EndProject
Global
	GlobalSection(SolutionConfigurationPlatforms) = preSolution
		Debug|Any CPU = Debug|Any CPU
		Release|Any CPU = Release|Any CPU
	EndGlobalSection
	GlobalSection(ProjectConfigurationPlatforms) = postSolution
		{87B85D4E-488B-4F8E-89D0-B706E027C01E}.Debug|Any CPU.ActiveCfg = Debug|Any CPU
		{87B85D4E-488B-4F8E-89D0-B706E027C01E}.Debug|Any CPU.Build.0 = Debug|Any CPU
		{87B85D4E-488B-4F8E-89D0-B706E027C01E}.Release|Any CPU.ActiveCfg = Release|Any CPU
		{87B85D4E-488B-4F8E-89D0-B706E027C01E}.Release|Any CPU.Build.0 = Release|Any CPU
	EndGlobalSection
	GlobalSection(SolutionProperties) = preSolution
		HideSolutionNode = FALSE
	EndGlobalSection
	GlobalSection(ExtensibilityGlobals) = postSolution
		SolutionGuid = {F0152A69-0F4F-4429-8758-72F9AC193E62}
	EndGlobalSection
EndGlobal
